{
  "nodes": {
    "darwin": {
      "inputs": {
        "nixpkgs": [
          "nixpkgs"
        ]
      },
      "locked": {
        "lastModified": 1711763326,
        "narHash": "sha256-sXcesZWKXFlEQ8oyGHnfk4xc9f2Ip0X/+YZOq3sKviI=",
        "owner": "lnl7",
        "repo": "nix-darwin",
        "rev": "36524adc31566655f2f4d55ad6b875fb5c1a4083",
        "type": "github"
      },
      "original": {
        "owner": "lnl7",
        "ref": "master",
        "repo": "nix-darwin",
        "type": "github"
      }
    },
    "git-branchless": {
      "inputs": {
        "nixpkgs": "nixpkgs"
      },
      "locked": {
        "lastModified": 1709798515,
        "narHash": "sha256-5dMhyha8+aZNqzegkV5EA8TCJiT7OeLziIwxFL3uFIc=",
        "owner": "xuanduc987",
        "repo": "git-branchless",
        "rev": "525dd01e79ea02305b1ea82a01ad50bb56d3126a",
        "type": "github"
      },
      "original": {
        "owner": "xuanduc987",
        "repo": "git-branchless",
        "type": "github"
      }
    },
    "home-manager": {
      "inputs": {
        "nixpkgs": [
          "nixpkgs"
        ]
      },
      "locked": {
        "lastModified": 1703367386,
        "narHash": "sha256-FMbm48UGrBfOWGt8+opuS+uLBLQlRfhiYXhHNcYMS5k=",
        "owner": "nix-community",
        "repo": "home-manager",
        "rev": "d5824a76bc6bb93d1dce9ebbbcb09a9b6abcc224",
        "type": "github"
      },
      "original": {
        "owner": "nix-community",
        "ref": "release-23.11",
        "repo": "home-manager",
        "type": "github"
      }
    },
    "nixpkgs": {
      "locked": {
        "lastModified": 1708373374,
        "narHash": "sha256-yEyDvDj/YQc4GOZa/cXx6YUzexD8uv1rUvD6SJVr6UI=",
        "owner": "NixOS",
        "repo": "nixpkgs",
        "rev": "93e1c2d08467d1117ebac45689469613a9fe8453",
        "type": "github"
      },
      "original": {
        "id": "nixpkgs",
        "type": "indirect"
      }
    },
    "nixpkgs-unstable": {
      "locked": {
        "lastModified": 1704538339,
        "narHash": "sha256-1734d3mQuux9ySvwf6axRWZRBhtcZA9Q8eftD6EZg6U=",
        "owner": "NixOS",
        "repo": "nixpkgs",
        "rev": "46ae0210ce163b3cba6c7da08840c1d63de9c701",
        "type": "github"
      },
      "original": {
        "owner": "NixOS",
        "ref": "nixos-unstable",
        "repo": "nixpkgs",
        "type": "github"
      }
    },
    "nixpkgs_2": {
      "locked": {
        "lastModified": 1711707400,
        "narHash": "sha256-ggjKcR3OEmPnaYYB8f7PNXoe9f6NwtHpk/PZID42Hc8=",
        "owner": "NixOS",
        "repo": "nixpkgs",
        "rev": "fb003bf6332198a6134312ae138182de9242a1e6",
        "type": "github"
      },
      "original": {
        "owner": "NixOS",
        "ref": "nixpkgs-23.11-darwin",
        "repo": "nixpkgs",
        "type": "github"
      }
    },
    "root": {
      "inputs": {
        "darwin": "darwin",
        "git-branchless": "git-branchless",
        "home-manager": "home-manager",
        "nixpkgs": "nixpkgs_2",
        "nixpkgs-unstable": "nixpkgs-unstable"
      }
    }
  },
  "root": "root",
  "version": 7
}
